
Microsoft Visual Studio Solution File, Format Version 12.00
# Visual Studio Version 16
VisualStudioVersion = 16.0.29509.3
MinimumVisualStudioVersion = 10.0.40219.1
Project("{FAE04EC0-301F-11D3-BF4B-00C04F79EFBC}") = "DAL", "DAL\DAL.csproj", "{CCCEF994-72A2-4F2C-8E3B-6CE5D0BE4B4B}"
EndProject
Project("{FAE04EC0-301F-11D3-BF4B-00C04F79EFBC}") = "BLL", "BLL\BLL.csproj", "{2C73BCF6-162C-4280-9FEC-DD02EAC636CC}"
EndProject
Project("{FAE04EC0-301F-11D3-BF4B-00C04F79EFBC}") = "Web", "Web\Web.csproj", "{88205420-218D-45F7-80D4-C5B30ABB15E2}"
EndProject
Global
	GlobalSection(SolutionConfigurationPlatforms) = preSolution
		Debug|Any CPU = Debug|Any CPU
		Release|Any CPU = Release|Any CPU
	EndGlobalSection
	GlobalSection(ProjectConfigurationPlatforms) = postSolution
		{CCCEF994-72A2-4F2C-8E3B-6CE5D0BE4B4B}.Debug|Any CPU.ActiveCfg = Debug|Any CPU
		{CCCEF994-72A2-4F2C-8E3B-6CE5D0BE4B4B}.Debug|Any CPU.Build.0 = Debug|Any CPU
		{CCCEF994-72A2-4F2C-8E3B-6CE5D0BE4B4B}.Release|Any CPU.ActiveCfg = Release|Any CPU
		{CCCEF994-72A2-4F2C-8E3B-6CE5D0BE4B4B}.Release|Any CPU.Build.0 = Release|Any CPU
		{2C73BCF6-162C-4280-9FEC-DD02EAC636CC}.Debug|Any CPU.ActiveCfg = Debug|Any CPU
		{2C73BCF6-162C-4280-9FEC-DD02EAC636CC}.Debug|Any CPU.Build.0 = Debug|Any CPU
		{2C73BCF6-162C-4280-9FEC-DD02EAC636CC}.Release|Any CPU.ActiveCfg = Release|Any CPU
		{2C73BCF6-162C-4280-9FEC-DD02EAC636CC}.Release|Any CPU.Build.0 = Release|Any CPU
		{88205420-218D-45F7-80D4-C5B30ABB15E2}.Debug|Any CPU.ActiveCfg = Debug|Any CPU
		{88205420-218D-45F7-80D4-C5B30ABB15E2}.Debug|Any CPU.Build.0 = Debug|Any CPU
		{88205420-218D-45F7-80D4-C5B30ABB15E2}.Release|Any CPU.ActiveCfg = Release|Any CPU
		{88205420-218D-45F7-80D4-C5B30ABB15E2}.Release|Any CPU.Build.0 = Release|Any CPU
	EndGlobalSection
	GlobalSection(SolutionProperties) = preSolution
		HideSolutionNode = FALSE
	EndGlobalSection
	GlobalSection(ExtensibilityGlobals) = postSolution
		SolutionGuid = {50A6EFA9-D13C-497F-AAC5-D793BC290976}
	EndGlobalSection
EndGlobal
